// !$*UTF8*$!
{
	archiveVersion = 1;
	classes = {
	};
	objectVersion = 46;
	objects = {

/* Begin PBXBuildFile section */
		87781C05151034E5005931F9 /* ANCaptureViewController.m in Sources */ = {isa = PBXBuildFile; fileRef = 87781C03151034E5005931F9 /* ANCaptureViewController.m */; };
		87781C06151034E5005931F9 /* ANCaptureViewController.xib in Resources */ = {isa = PBXBuildFile; fileRef = 87781C04151034E5005931F9 /* ANCaptureViewController.xib */; };
		A3CB84AE1510A14100F19022 /* example.png in Resources */ = {isa = PBXBuildFile; fileRef = A3CB84AD1510A14100F19022 /* example.png */; };
		E341BA4D150E82ED003F1A9F /* 42-photos.png in Resources */ = {isa = PBXBuildFile; fileRef = E341BA4B150E82ED003F1A9F /* 42-photos.png */; };
		E341BA4E150E82ED003F1A9F /* 42-photos@2x.png in Resources */ = {isa = PBXBuildFile; fileRef = E341BA4C150E82ED003F1A9F /* 42-photos@2x.png */; };
		E341BA51150E832F003F1A9F /* 20-gear-2.png in Resources */ = {isa = PBXBuildFile; fileRef = E341BA4F150E832F003F1A9F /* 20-gear-2.png */; };
		E341BA52150E832F003F1A9F /* 20-gear-2@2x.png in Resources */ = {isa = PBXBuildFile; fileRef = E341BA50150E832F003F1A9F /* 20-gear-2@2x.png */; };
		E341BA55150E83EE003F1A9F /* 32-speechbubble.png in Resources */ = {isa = PBXBuildFile; fileRef = E341BA53150E83EE003F1A9F /* 32-speechbubble.png */; };
		E341BA56150E83EE003F1A9F /* 32-speechbubble@2x.png in Resources */ = {isa = PBXBuildFile; fileRef = E341BA54150E83EE003F1A9F /* 32-speechbubble@2x.png */; };
		E34F5010150EF36600A5FCD2 /* capture-button.png in Resources */ = {isa = PBXBuildFile; fileRef = E34F500E150EF36600A5FCD2 /* capture-button.png */; };
		E34F5011150EF36600A5FCD2 /* capture-button@2x.png in Resources */ = {isa = PBXBuildFile; fileRef = E34F500F150EF36600A5FCD2 /* capture-button@2x.png */; };
		E34F5018150EF92300A5FCD2 /* ANPersonPickerViewController.m in Sources */ = {isa = PBXBuildFile; fileRef = E34F5017150EF92300A5FCD2 /* ANPersonPickerViewController.m */; };
		E37509E9150D25DA00F3EC3F /* ANTabBarController.m in Sources */ = {isa = PBXBuildFile; fileRef = E37509E8150D25DA00F3EC3F /* ANTabBarController.m */; };
		E37509ED150D27B500F3EC3F /* ANPhotosViewController.m in Sources */ = {isa = PBXBuildFile; fileRef = E37509EC150D27B400F3EC3F /* ANPhotosViewController.m */; };
		E37509F0150D27C000F3EC3F /* ANPhotoViewController.m in Sources */ = {isa = PBXBuildFile; fileRef = E37509EF150D27C000F3EC3F /* ANPhotoViewController.m */; };
		E37509F3150D289B00F3EC3F /* ANSettingsViewController.m in Sources */ = {isa = PBXBuildFile; fileRef = E37509F2150D289900F3EC3F /* ANSettingsViewController.m */; };
		E3BDC44214FF6B7B001343BE /* UIKit.framework in Frameworks */ = {isa = PBXBuildFile; fileRef = E3BDC44114FF6B7B001343BE /* UIKit.framework */; };
		E3BDC44414FF6B7B001343BE /* Foundation.framework in Frameworks */ = {isa = PBXBuildFile; fileRef = E3BDC44314FF6B7B001343BE /* Foundation.framework */; };
		E3BDC44614FF6B7B001343BE /* CoreGraphics.framework in Frameworks */ = {isa = PBXBuildFile; fileRef = E3BDC44514FF6B7B001343BE /* CoreGraphics.framework */; };
		E3BDC44C14FF6B7B001343BE /* InfoPlist.strings in Resources */ = {isa = PBXBuildFile; fileRef = E3BDC44A14FF6B7B001343BE /* InfoPlist.strings */; };
		E3BDC44E14FF6B7B001343BE /* main.m in Sources */ = {isa = PBXBuildFile; fileRef = E3BDC44D14FF6B7B001343BE /* main.m */; };
		E3BDC45214FF6B7B001343BE /* ANAppDelegate.m in Sources */ = {isa = PBXBuildFile; fileRef = E3BDC45114FF6B7B001343BE /* ANAppDelegate.m */; };
		E3BDC47214FF7202001343BE /* 07-map-marker.png in Resources */ = {isa = PBXBuildFile; fileRef = E3BDC47014FF7202001343BE /* 07-map-marker.png */; };
		E3BDC47314FF7202001343BE /* 07-map-marker@2x.png in Resources */ = {isa = PBXBuildFile; fileRef = E3BDC47114FF7202001343BE /* 07-map-marker@2x.png */; };
		E3BDC48614FF750E001343BE /* ANMapViewController.m in Sources */ = {isa = PBXBuildFile; fileRef = E3BDC48514FF750E001343BE /* ANMapViewController.m */; };
		E3BDC48914FF751A001343BE /* ANNewsViewController.m in Sources */ = {isa = PBXBuildFile; fileRef = E3BDC48814FF751A001343BE /* ANNewsViewController.m */; };
		E3BDC48B14FF753F001343BE /* MapKit.framework in Frameworks */ = {isa = PBXBuildFile; fileRef = E3BDC48A14FF753F001343BE /* MapKit.framework */; };
		E3CAC2E51515EE2A003994A7 /* ANAtlas.m in Sources */ = {isa = PBXBuildFile; fileRef = E3CAC2E41515EE2A003994A7 /* ANAtlas.m */; };
		E3CAC30A1515EE94003994A7 /* Facebook.m in Sources */ = {isa = PBXBuildFile; fileRef = E3CAC2ED1515EE94003994A7 /* Facebook.m */; settings = {COMPILER_FLAGS = "-fno-objc-arc"; }; };
		E3CAC30B1515EE94003994A7 /* FBDialog.bundle in Resources */ = {isa = PBXBuildFile; fileRef = E3CAC2F01515EE94003994A7 /* FBDialog.bundle */; };
		E3CAC30C1515EE94003994A7 /* FBDialog.m in Sources */ = {isa = PBXBuildFile; fileRef = E3CAC2F21515EE94003994A7 /* FBDialog.m */; settings = {COMPILER_FLAGS = "-fno-objc-arc"; }; };
		E3CAC30D1515EE94003994A7 /* FBFrictionlessRequestSettings.m in Sources */ = {isa = PBXBuildFile; fileRef = E3CAC2F41515EE94003994A7 /* FBFrictionlessRequestSettings.m */; settings = {COMPILER_FLAGS = "-fno-objc-arc"; }; };
		E3CAC30E1515EE94003994A7 /* FBLoginDialog.m in Sources */ = {isa = PBXBuildFile; fileRef = E3CAC2F61515EE94003994A7 /* FBLoginDialog.m */; settings = {COMPILER_FLAGS = "-fno-objc-arc"; }; };
		E3CAC30F1515EE94003994A7 /* FBRequest.m in Sources */ = {isa = PBXBuildFile; fileRef = E3CAC2F81515EE94003994A7 /* FBRequest.m */; settings = {COMPILER_FLAGS = "-fno-objc-arc"; }; };
		E3CAC3101515EE94003994A7 /* NSObject+SBJSON.m in Sources */ = {isa = PBXBuildFile; fileRef = E3CAC2FC1515EE94003994A7 /* NSObject+SBJSON.m */; settings = {COMPILER_FLAGS = "-fno-objc-arc"; }; };
		E3CAC3111515EE94003994A7 /* NSString+SBJSON.m in Sources */ = {isa = PBXBuildFile; fileRef = E3CAC2FE1515EE94003994A7 /* NSString+SBJSON.m */; settings = {COMPILER_FLAGS = "-fno-objc-arc"; }; };
		E3CAC3121515EE94003994A7 /* SBJSON.m in Sources */ = {isa = PBXBuildFile; fileRef = E3CAC3001515EE94003994A7 /* SBJSON.m */; settings = {COMPILER_FLAGS = "-fno-objc-arc"; }; };
		E3CAC3131515EE94003994A7 /* SBJsonBase.m in Sources */ = {isa = PBXBuildFile; fileRef = E3CAC3021515EE94003994A7 /* SBJsonBase.m */; settings = {COMPILER_FLAGS = "-fno-objc-arc"; }; };
		E3CAC3141515EE94003994A7 /* SBJsonParser.m in Sources */ = {isa = PBXBuildFile; fileRef = E3CAC3041515EE94003994A7 /* SBJsonParser.m */; settings = {COMPILER_FLAGS = "-fno-objc-arc"; }; };
		E3CAC3151515EE94003994A7 /* SBJsonWriter.m in Sources */ = {isa = PBXBuildFile; fileRef = E3CAC3061515EE94003994A7 /* SBJsonWriter.m */; settings = {COMPILER_FLAGS = "-fno-objc-arc"; }; };
		E3CAC3331515F39A003994A7 /* AFHTTPClient.m in Sources */ = {isa = PBXBuildFile; fileRef = E3CAC31F1515F39A003994A7 /* AFHTTPClient.m */; settings = {COMPILER_FLAGS = "-fno-objc-arc"; }; };
		E3CAC3341515F39A003994A7 /* AFHTTPRequestOperation.m in Sources */ = {isa = PBXBuildFile; fileRef = E3CAC3211515F39A003994A7 /* AFHTTPRequestOperation.m */; settings = {COMPILER_FLAGS = "-fno-objc-arc"; }; };
		E3CAC3351515F39A003994A7 /* AFImageRequestOperation.m in Sources */ = {isa = PBXBuildFile; fileRef = E3CAC3231515F39A003994A7 /* AFImageRequestOperation.m */; settings = {COMPILER_FLAGS = "-fno-objc-arc"; }; };
		E3CAC3361515F39A003994A7 /* AFJSONRequestOperation.m in Sources */ = {isa = PBXBuildFile; fileRef = E3CAC3251515F39A003994A7 /* AFJSONRequestOperation.m */; settings = {COMPILER_FLAGS = "-fno-objc-arc"; }; };
		E3CAC3371515F39A003994A7 /* AFJSONUtilities.m in Sources */ = {isa = PBXBuildFile; fileRef = E3CAC3271515F39A003994A7 /* AFJSONUtilities.m */; settings = {COMPILER_FLAGS = "-fno-objc-arc"; }; };
		E3CAC3381515F39A003994A7 /* AFNetworkActivityIndicatorManager.m in Sources */ = {isa = PBXBuildFile; fileRef = E3CAC3291515F39A003994A7 /* AFNetworkActivityIndicatorManager.m */; settings = {COMPILER_FLAGS = "-fno-objc-arc"; }; };
		E3CAC3391515F39A003994A7 /* AFPropertyListRequestOperation.m in Sources */ = {isa = PBXBuildFile; fileRef = E3CAC32C1515F39A003994A7 /* AFPropertyListRequestOperation.m */; settings = {COMPILER_FLAGS = "-fno-objc-arc"; }; };
		E3CAC33A1515F39A003994A7 /* AFURLConnectionOperation.m in Sources */ = {isa = PBXBuildFile; fileRef = E3CAC32E1515F39A003994A7 /* AFURLConnectionOperation.m */; settings = {COMPILER_FLAGS = "-fno-objc-arc"; }; };
		E3CAC33B1515F39A003994A7 /* AFXMLRequestOperation.m in Sources */ = {isa = PBXBuildFile; fileRef = E3CAC3301515F39A003994A7 /* AFXMLRequestOperation.m */; settings = {COMPILER_FLAGS = "-fno-objc-arc"; }; };
		E3CAC33C1515F39A003994A7 /* UIImageView+AFNetworking.m in Sources */ = {isa = PBXBuildFile; fileRef = E3CAC3321515F39A003994A7 /* UIImageView+AFNetworking.m */; settings = {COMPILER_FLAGS = "-fno-objc-arc"; }; };
		E3CAC3401515F3AC003994A7 /* ANHTTPClient.m in Sources */ = {isa = PBXBuildFile; fileRef = E3CAC33F1515F3AC003994A7 /* ANHTTPClient.m */; };
/* End PBXBuildFile section */

/* Begin PBXFileReference section */
		87781C02151034E5005931F9 /* ANCaptureViewController.h */ = {isa = PBXFileReference; fileEncoding = 4; lastKnownFileType = sourcecode.c.h; path = ANCaptureViewController.h; sourceTree = "<group>"; };
		87781C03151034E5005931F9 /* ANCaptureViewController.m */ = {isa = PBXFileReference; fileEncoding = 4; lastKnownFileType = sourcecode.c.objc; path = ANCaptureViewController.m; sourceTree = "<group>"; };
		87781C04151034E5005931F9 /* ANCaptureViewController.xib */ = {isa = PBXFileReference; fileEncoding = 4; lastKnownFileType = file.xib; path = ANCaptureViewController.xib; sourceTree = "<group>"; };
		A3CB84AD1510A14100F19022 /* example.png */ = {isa = PBXFileReference; lastKnownFileType = image.png; path = example.png; sourceTree = "<group>"; };
		E341BA4B150E82ED003F1A9F /* 42-photos.png */ = {isa = PBXFileReference; lastKnownFileType = image.png; path = "42-photos.png"; sourceTree = "<group>"; };
		E341BA4C150E82ED003F1A9F /* 42-photos@2x.png */ = {isa = PBXFileReference; lastKnownFileType = image.png; path = "42-photos@2x.png"; sourceTree = "<group>"; };
		E341BA4F150E832F003F1A9F /* 20-gear-2.png */ = {isa = PBXFileReference; lastKnownFileType = image.png; path = "20-gear-2.png"; sourceTree = "<group>"; };
		E341BA50150E832F003F1A9F /* 20-gear-2@2x.png */ = {isa = PBXFileReference; lastKnownFileType = image.png; path = "20-gear-2@2x.png"; sourceTree = "<group>"; };
		E341BA53150E83EE003F1A9F /* 32-speechbubble.png */ = {isa = PBXFileReference; lastKnownFileType = image.png; path = "32-speechbubble.png"; sourceTree = "<group>"; };
		E341BA54150E83EE003F1A9F /* 32-speechbubble@2x.png */ = {isa = PBXFileReference; lastKnownFileType = image.png; path = "32-speechbubble@2x.png"; sourceTree = "<group>"; };
		E34F500E150EF36600A5FCD2 /* capture-button.png */ = {isa = PBXFileReference; lastKnownFileType = image.png; path = "capture-button.png"; sourceTree = "<group>"; };
		E34F500F150EF36600A5FCD2 /* capture-button@2x.png */ = {isa = PBXFileReference; lastKnownFileType = image.png; path = "capture-button@2x.png"; sourceTree = "<group>"; };
		E34F5016150EF92300A5FCD2 /* ANPersonPickerViewController.h */ = {isa = PBXFileReference; fileEncoding = 4; lastKnownFileType = sourcecode.c.h; path = ANPersonPickerViewController.h; sourceTree = "<group>"; };
		E34F5017150EF92300A5FCD2 /* ANPersonPickerViewController.m */ = {isa = PBXFileReference; fileEncoding = 4; lastKnownFileType = sourcecode.c.objc; path = ANPersonPickerViewController.m; sourceTree = "<group>"; };
		E37509E7150D25DA00F3EC3F /* ANTabBarController.h */ = {isa = PBXFileReference; fileEncoding = 4; lastKnownFileType = sourcecode.c.h; path = ANTabBarController.h; sourceTree = "<group>"; };
		E37509E8150D25DA00F3EC3F /* ANTabBarController.m */ = {isa = PBXFileReference; fileEncoding = 4; lastKnownFileType = sourcecode.c.objc; path = ANTabBarController.m; sourceTree = "<group>"; };
		E37509EB150D27B400F3EC3F /* ANPhotosViewController.h */ = {isa = PBXFileReference; fileEncoding = 4; lastKnownFileType = sourcecode.c.h; path = ANPhotosViewController.h; sourceTree = "<group>"; };
		E37509EC150D27B400F3EC3F /* ANPhotosViewController.m */ = {isa = PBXFileReference; fileEncoding = 4; lastKnownFileType = sourcecode.c.objc; path = ANPhotosViewController.m; sourceTree = "<group>"; };
		E37509EE150D27C000F3EC3F /* ANPhotoViewController.h */ = {isa = PBXFileReference; fileEncoding = 4; lastKnownFileType = sourcecode.c.h; path = ANPhotoViewController.h; sourceTree = "<group>"; };
		E37509EF150D27C000F3EC3F /* ANPhotoViewController.m */ = {isa = PBXFileReference; fileEncoding = 4; lastKnownFileType = sourcecode.c.objc; path = ANPhotoViewController.m; sourceTree = "<group>"; };
		E37509F1150D289800F3EC3F /* ANSettingsViewController.h */ = {isa = PBXFileReference; fileEncoding = 4; lastKnownFileType = sourcecode.c.h; path = ANSettingsViewController.h; sourceTree = "<group>"; };
		E37509F2150D289900F3EC3F /* ANSettingsViewController.m */ = {isa = PBXFileReference; fileEncoding = 4; lastKnownFileType = sourcecode.c.objc; path = ANSettingsViewController.m; sourceTree = "<group>"; };
		E3BDC43D14FF6B7B001343BE /* Anniversary.app */ = {isa = PBXFileReference; explicitFileType = wrapper.application; includeInIndex = 0; path = Anniversary.app; sourceTree = BUILT_PRODUCTS_DIR; };
		E3BDC44114FF6B7B001343BE /* UIKit.framework */ = {isa = PBXFileReference; lastKnownFileType = wrapper.framework; name = UIKit.framework; path = System/Library/Frameworks/UIKit.framework; sourceTree = SDKROOT; };
		E3BDC44314FF6B7B001343BE /* Foundation.framework */ = {isa = PBXFileReference; lastKnownFileType = wrapper.framework; name = Foundation.framework; path = System/Library/Frameworks/Foundation.framework; sourceTree = SDKROOT; };
		E3BDC44514FF6B7B001343BE /* CoreGraphics.framework */ = {isa = PBXFileReference; lastKnownFileType = wrapper.framework; name = CoreGraphics.framework; path = System/Library/Frameworks/CoreGraphics.framework; sourceTree = SDKROOT; };
		E3BDC44914FF6B7B001343BE /* Anniversary-Info.plist */ = {isa = PBXFileReference; lastKnownFileType = text.plist.xml; path = "Anniversary-Info.plist"; sourceTree = "<group>"; };
		E3BDC44B14FF6B7B001343BE /* en */ = {isa = PBXFileReference; lastKnownFileType = text.plist.strings; name = en; path = en.lproj/InfoPlist.strings; sourceTree = "<group>"; };
		E3BDC44D14FF6B7B001343BE /* main.m */ = {isa = PBXFileReference; lastKnownFileType = sourcecode.c.objc; path = main.m; sourceTree = "<group>"; };
		E3BDC44F14FF6B7B001343BE /* Anniversary-Prefix.pch */ = {isa = PBXFileReference; lastKnownFileType = sourcecode.c.h; path = "Anniversary-Prefix.pch"; sourceTree = "<group>"; };
		E3BDC45014FF6B7B001343BE /* ANAppDelegate.h */ = {isa = PBXFileReference; lastKnownFileType = sourcecode.c.h; path = ANAppDelegate.h; sourceTree = "<group>"; };
		E3BDC45114FF6B7B001343BE /* ANAppDelegate.m */ = {isa = PBXFileReference; lastKnownFileType = sourcecode.c.objc; path = ANAppDelegate.m; sourceTree = "<group>"; };
		E3BDC47014FF7202001343BE /* 07-map-marker.png */ = {isa = PBXFileReference; lastKnownFileType = image.png; path = "07-map-marker.png"; sourceTree = "<group>"; };
		E3BDC47114FF7202001343BE /* 07-map-marker@2x.png */ = {isa = PBXFileReference; lastKnownFileType = image.png; path = "07-map-marker@2x.png"; sourceTree = "<group>"; };
		E3BDC48414FF750E001343BE /* ANMapViewController.h */ = {isa = PBXFileReference; fileEncoding = 4; lastKnownFileType = sourcecode.c.h; path = ANMapViewController.h; sourceTree = "<group>"; };
		E3BDC48514FF750E001343BE /* ANMapViewController.m */ = {isa = PBXFileReference; fileEncoding = 4; lastKnownFileType = sourcecode.c.objc; path = ANMapViewController.m; sourceTree = "<group>"; };
		E3BDC48714FF751A001343BE /* ANNewsViewController.h */ = {isa = PBXFileReference; fileEncoding = 4; lastKnownFileType = sourcecode.c.h; path = ANNewsViewController.h; sourceTree = "<group>"; };
		E3BDC48814FF751A001343BE /* ANNewsViewController.m */ = {isa = PBXFileReference; fileEncoding = 4; lastKnownFileType = sourcecode.c.objc; path = ANNewsViewController.m; sourceTree = "<group>"; };
		E3BDC48A14FF753F001343BE /* MapKit.framework */ = {isa = PBXFileReference; lastKnownFileType = wrapper.framework; name = MapKit.framework; path = System/Library/Frameworks/MapKit.framework; sourceTree = SDKROOT; };
		E3CAC2E31515EE2A003994A7 /* ANAtlas.h */ = {isa = PBXFileReference; fileEncoding = 4; lastKnownFileType = sourcecode.c.h; path = ANAtlas.h; sourceTree = "<group>"; };
		E3CAC2E41515EE2A003994A7 /* ANAtlas.m */ = {isa = PBXFileReference; fileEncoding = 4; lastKnownFileType = sourcecode.c.objc; path = ANAtlas.m; sourceTree = "<group>"; };
		E3CAC2EC1515EE94003994A7 /* Facebook.h */ = {isa = PBXFileReference; fileEncoding = 4; lastKnownFileType = sourcecode.c.h; path = Facebook.h; sourceTree = "<group>"; };
		E3CAC2ED1515EE94003994A7 /* Facebook.m */ = {isa = PBXFileReference; fileEncoding = 4; lastKnownFileType = sourcecode.c.objc; path = Facebook.m; sourceTree = "<group>"; };
		E3CAC2EF1515EE94003994A7 /* FBConnect.h */ = {isa = PBXFileReference; fileEncoding = 4; lastKnownFileType = sourcecode.c.h; path = FBConnect.h; sourceTree = "<group>"; };
		E3CAC2F01515EE94003994A7 /* FBDialog.bundle */ = {isa = PBXFileReference; lastKnownFileType = "wrapper.plug-in"; path = FBDialog.bundle; sourceTree = "<group>"; };
		E3CAC2F11515EE94003994A7 /* FBDialog.h */ = {isa = PBXFileReference; fileEncoding = 4; lastKnownFileType = sourcecode.c.h; path = FBDialog.h; sourceTree = "<group>"; };
		E3CAC2F21515EE94003994A7 /* FBDialog.m */ = {isa = PBXFileReference; fileEncoding = 4; lastKnownFileType = sourcecode.c.objc; path = FBDialog.m; sourceTree = "<group>"; };
		E3CAC2F31515EE94003994A7 /* FBFrictionlessRequestSettings.h */ = {isa = PBXFileReference; fileEncoding = 4; lastKnownFileType = sourcecode.c.h; path = FBFrictionlessRequestSettings.h; sourceTree = "<group>"; };
		E3CAC2F41515EE94003994A7 /* FBFrictionlessRequestSettings.m */ = {isa = PBXFileReference; fileEncoding = 4; lastKnownFileType = sourcecode.c.objc; path = FBFrictionlessRequestSettings.m; sourceTree = "<group>"; };
		E3CAC2F51515EE94003994A7 /* FBLoginDialog.h */ = {isa = PBXFileReference; fileEncoding = 4; lastKnownFileType = sourcecode.c.h; path = FBLoginDialog.h; sourceTree = "<group>"; };
		E3CAC2F61515EE94003994A7 /* FBLoginDialog.m */ = {isa = PBXFileReference; fileEncoding = 4; lastKnownFileType = sourcecode.c.objc; path = FBLoginDialog.m; sourceTree = "<group>"; };
		E3CAC2F71515EE94003994A7 /* FBRequest.h */ = {isa = PBXFileReference; fileEncoding = 4; lastKnownFileType = sourcecode.c.h; path = FBRequest.h; sourceTree = "<group>"; };
		E3CAC2F81515EE94003994A7 /* FBRequest.m */ = {isa = PBXFileReference; fileEncoding = 4; lastKnownFileType = sourcecode.c.objc; path = FBRequest.m; sourceTree = "<group>"; };
		E3CAC2FA1515EE94003994A7 /* JSON.h */ = {isa = PBXFileReference; fileEncoding = 4; lastKnownFileType = sourcecode.c.h; path = JSON.h; sourceTree = "<group>"; };
		E3CAC2FB1515EE94003994A7 /* NSObject+SBJSON.h */ = {isa = PBXFileReference; fileEncoding = 4; lastKnownFileType = sourcecode.c.h; path = "NSObject+SBJSON.h"; sourceTree = "<group>"; };
		E3CAC2FC1515EE94003994A7 /* NSObject+SBJSON.m */ = {isa = PBXFileReference; fileEncoding = 4; lastKnownFileType = sourcecode.c.objc; path = "NSObject+SBJSON.m"; sourceTree = "<group>"; };
		E3CAC2FD1515EE94003994A7 /* NSString+SBJSON.h */ = {isa = PBXFileReference; fileEncoding = 4; lastKnownFileType = sourcecode.c.h; path = "NSString+SBJSON.h"; sourceTree = "<group>"; };
		E3CAC2FE1515EE94003994A7 /* NSString+SBJSON.m */ = {isa = PBXFileReference; fileEncoding = 4; lastKnownFileType = sourcecode.c.objc; path = "NSString+SBJSON.m"; sourceTree = "<group>"; };
		E3CAC2FF1515EE94003994A7 /* SBJSON.h */ = {isa = PBXFileReference; fileEncoding = 4; lastKnownFileType = sourcecode.c.h; path = SBJSON.h; sourceTree = "<group>"; };
		E3CAC3001515EE94003994A7 /* SBJSON.m */ = {isa = PBXFileReference; fileEncoding = 4; lastKnownFileType = sourcecode.c.objc; path = SBJSON.m; sourceTree = "<group>"; };
		E3CAC3011515EE94003994A7 /* SBJsonBase.h */ = {isa = PBXFileReference; fileEncoding = 4; lastKnownFileType = sourcecode.c.h; path = SBJsonBase.h; sourceTree = "<group>"; };
		E3CAC3021515EE94003994A7 /* SBJsonBase.m */ = {isa = PBXFileReference; fileEncoding = 4; lastKnownFileType = sourcecode.c.objc; path = SBJsonBase.m; sourceTree = "<group>"; };
		E3CAC3031515EE94003994A7 /* SBJsonParser.h */ = {isa = PBXFileReference; fileEncoding = 4; lastKnownFileType = sourcecode.c.h; path = SBJsonParser.h; sourceTree = "<group>"; };
		E3CAC3041515EE94003994A7 /* SBJsonParser.m */ = {isa = PBXFileReference; fileEncoding = 4; lastKnownFileType = sourcecode.c.objc; path = SBJsonParser.m; sourceTree = "<group>"; };
		E3CAC3051515EE94003994A7 /* SBJsonWriter.h */ = {isa = PBXFileReference; fileEncoding = 4; lastKnownFileType = sourcecode.c.h; path = SBJsonWriter.h; sourceTree = "<group>"; };
		E3CAC3061515EE94003994A7 /* SBJsonWriter.m */ = {isa = PBXFileReference; fileEncoding = 4; lastKnownFileType = sourcecode.c.objc; path = SBJsonWriter.m; sourceTree = "<group>"; };
		E3CAC31E1515F39A003994A7 /* AFHTTPClient.h */ = {isa = PBXFileReference; fileEncoding = 4; lastKnownFileType = sourcecode.c.h; path = AFHTTPClient.h; sourceTree = "<group>"; };
		E3CAC31F1515F39A003994A7 /* AFHTTPClient.m */ = {isa = PBXFileReference; fileEncoding = 4; lastKnownFileType = sourcecode.c.objc; path = AFHTTPClient.m; sourceTree = "<group>"; };
		E3CAC3201515F39A003994A7 /* AFHTTPRequestOperation.h */ = {isa = PBXFileReference; fileEncoding = 4; lastKnownFileType = sourcecode.c.h; path = AFHTTPRequestOperation.h; sourceTree = "<group>"; };
		E3CAC3211515F39A003994A7 /* AFHTTPRequestOperation.m */ = {isa = PBXFileReference; fileEncoding = 4; lastKnownFileType = sourcecode.c.objc; path = AFHTTPRequestOperation.m; sourceTree = "<group>"; };
		E3CAC3221515F39A003994A7 /* AFImageRequestOperation.h */ = {isa = PBXFileReference; fileEncoding = 4; lastKnownFileType = sourcecode.c.h; path = AFImageRequestOperation.h; sourceTree = "<group>"; };
		E3CAC3231515F39A003994A7 /* AFImageRequestOperation.m */ = {isa = PBXFileReference; fileEncoding = 4; lastKnownFileType = sourcecode.c.objc; path = AFImageRequestOperation.m; sourceTree = "<group>"; };
		E3CAC3241515F39A003994A7 /* AFJSONRequestOperation.h */ = {isa = PBXFileReference; fileEncoding = 4; lastKnownFileType = sourcecode.c.h; path = AFJSONRequestOperation.h; sourceTree = "<group>"; };
		E3CAC3251515F39A003994A7 /* AFJSONRequestOperation.m */ = {isa = PBXFileReference; fileEncoding = 4; lastKnownFileType = sourcecode.c.objc; path = AFJSONRequestOperation.m; sourceTree = "<group>"; };
		E3CAC3261515F39A003994A7 /* AFJSONUtilities.h */ = {isa = PBXFileReference; fileEncoding = 4; lastKnownFileType = sourcecode.c.h; path = AFJSONUtilities.h; sourceTree = "<group>"; };
		E3CAC3271515F39A003994A7 /* AFJSONUtilities.m */ = {isa = PBXFileReference; fileEncoding = 4; lastKnownFileType = sourcecode.c.objc; path = AFJSONUtilities.m; sourceTree = "<group>"; };
		E3CAC3281515F39A003994A7 /* AFNetworkActivityIndicatorManager.h */ = {isa = PBXFileReference; fileEncoding = 4; lastKnownFileType = sourcecode.c.h; path = AFNetworkActivityIndicatorManager.h; sourceTree = "<group>"; };
		E3CAC3291515F39A003994A7 /* AFNetworkActivityIndicatorManager.m */ = {isa = PBXFileReference; fileEncoding = 4; lastKnownFileType = sourcecode.c.objc; path = AFNetworkActivityIndicatorManager.m; sourceTree = "<group>"; };
		E3CAC32A1515F39A003994A7 /* AFNetworking.h */ = {isa = PBXFileReference; fileEncoding = 4; lastKnownFileType = sourcecode.c.h; path = AFNetworking.h; sourceTree = "<group>"; };
		E3CAC32B1515F39A003994A7 /* AFPropertyListRequestOperation.h */ = {isa = PBXFileReference; fileEncoding = 4; lastKnownFileType = sourcecode.c.h; path = AFPropertyListRequestOperation.h; sourceTree = "<group>"; };
		E3CAC32C1515F39A003994A7 /* AFPropertyListRequestOperation.m */ = {isa = PBXFileReference; fileEncoding = 4; lastKnownFileType = sourcecode.c.objc; path = AFPropertyListRequestOperation.m; sourceTree = "<group>"; };
		E3CAC32D1515F39A003994A7 /* AFURLConnectionOperation.h */ = {isa = PBXFileReference; fileEncoding = 4; lastKnownFileType = sourcecode.c.h; path = AFURLConnectionOperation.h; sourceTree = "<group>"; };
		E3CAC32E1515F39A003994A7 /* AFURLConnectionOperation.m */ = {isa = PBXFileReference; fileEncoding = 4; lastKnownFileType = sourcecode.c.objc; path = AFURLConnectionOperation.m; sourceTree = "<group>"; };
		E3CAC32F1515F39A003994A7 /* AFXMLRequestOperation.h */ = {isa = PBXFileReference; fileEncoding = 4; lastKnownFileType = sourcecode.c.h; path = AFXMLRequestOperation.h; sourceTree = "<group>"; };
		E3CAC3301515F39A003994A7 /* AFXMLRequestOperation.m */ = {isa = PBXFileReference; fileEncoding = 4; lastKnownFileType = sourcecode.c.objc; path = AFXMLRequestOperation.m; sourceTree = "<group>"; };
		E3CAC3311515F39A003994A7 /* UIImageView+AFNetworking.h */ = {isa = PBXFileReference; fileEncoding = 4; lastKnownFileType = sourcecode.c.h; path = "UIImageView+AFNetworking.h"; sourceTree = "<group>"; };
		E3CAC3321515F39A003994A7 /* UIImageView+AFNetworking.m */ = {isa = PBXFileReference; fileEncoding = 4; lastKnownFileType = sourcecode.c.objc; path = "UIImageView+AFNetworking.m"; sourceTree = "<group>"; };
		E3CAC33E1515F3AC003994A7 /* ANHTTPClient.h */ = {isa = PBXFileReference; fileEncoding = 4; lastKnownFileType = sourcecode.c.h; path = ANHTTPClient.h; sourceTree = "<group>"; };
		E3CAC33F1515F3AC003994A7 /* ANHTTPClient.m */ = {isa = PBXFileReference; fileEncoding = 4; lastKnownFileType = sourcecode.c.objc; path = ANHTTPClient.m; sourceTree = "<group>"; };
/* End PBXFileReference section */

/* Begin PBXFrameworksBuildPhase section */
		E3BDC43A14FF6B7B001343BE /* Frameworks */ = {
			isa = PBXFrameworksBuildPhase;
			buildActionMask = 2147483647;
			files = (
				E3BDC48B14FF753F001343BE /* MapKit.framework in Frameworks */,
				E3BDC44214FF6B7B001343BE /* UIKit.framework in Frameworks */,
				E3BDC44414FF6B7B001343BE /* Foundation.framework in Frameworks */,
				E3BDC44614FF6B7B001343BE /* CoreGraphics.framework in Frameworks */,
			);
			runOnlyForDeploymentPostprocessing = 0;
		};
/* End PBXFrameworksBuildPhase section */

/* Begin PBXGroup section */
		E37509E3150D25A600F3EC3F /* Views */ = {
			isa = PBXGroup;
			children = (
			);
			name = Views;
			sourceTree = "<group>";
		};
		E37509E5150D25AB00F3EC3F /* Controllers */ = {
			isa = PBXGroup;
			children = (
				E37509E7150D25DA00F3EC3F /* ANTabBarController.h */,
				E37509E8150D25DA00F3EC3F /* ANTabBarController.m */,
				E37509EB150D27B400F3EC3F /* ANPhotosViewController.h */,
				E37509EC150D27B400F3EC3F /* ANPhotosViewController.m */,
				E37509EE150D27C000F3EC3F /* ANPhotoViewController.h */,
				E37509EF150D27C000F3EC3F /* ANPhotoViewController.m */,
				E3BDC48414FF750E001343BE /* ANMapViewController.h */,
				E3BDC48514FF750E001343BE /* ANMapViewController.m */,
				87781C02151034E5005931F9 /* ANCaptureViewController.h */,
				87781C03151034E5005931F9 /* ANCaptureViewController.m */,
				87781C04151034E5005931F9 /* ANCaptureViewController.xib */,
				E34F5016150EF92300A5FCD2 /* ANPersonPickerViewController.h */,
				E34F5017150EF92300A5FCD2 /* ANPersonPickerViewController.m */,
				E3BDC48714FF751A001343BE /* ANNewsViewController.h */,
				E3BDC48814FF751A001343BE /* ANNewsViewController.m */,
				E37509F1150D289800F3EC3F /* ANSettingsViewController.h */,
				E37509F2150D289900F3EC3F /* ANSettingsViewController.m */,
			);
			name = Controllers;
			sourceTree = "<group>";
		};
		E37509E6150D25B000F3EC3F /* Models */ = {
			isa = PBXGroup;
			children = (
				E3CAC33E1515F3AC003994A7 /* ANHTTPClient.h */,
				E3CAC33F1515F3AC003994A7 /* ANHTTPClient.m */,
			);
			name = Models;
			sourceTree = "<group>";
		};
		E3BDC43214FF6B7A001343BE = {
			isa = PBXGroup;
			children = (
				E3BDC44714FF6B7B001343BE /* Anniversary */,
				E3CAC2E71515EE87003994A7 /* Dependencies */,
				E3BDC44014FF6B7B001343BE /* Frameworks */,
				E3BDC43E14FF6B7B001343BE /* Products */,
			);
			sourceTree = "<group>";
		};
		E3BDC43E14FF6B7B001343BE /* Products */ = {
			isa = PBXGroup;
			children = (
				E3BDC43D14FF6B7B001343BE /* Anniversary.app */,
			);
			name = Products;
			sourceTree = "<group>";
		};
		E3BDC44014FF6B7B001343BE /* Frameworks */ = {
			isa = PBXGroup;
			children = (
				E3BDC48A14FF753F001343BE /* MapKit.framework */,
				E3BDC44114FF6B7B001343BE /* UIKit.framework */,
				E3BDC44314FF6B7B001343BE /* Foundation.framework */,
				E3BDC44514FF6B7B001343BE /* CoreGraphics.framework */,
			);
			name = Frameworks;
			sourceTree = "<group>";
		};
		E3BDC44714FF6B7B001343BE /* Anniversary */ = {
			isa = PBXGroup;
			children = (
				E37509E6150D25B000F3EC3F /* Models */,
				E37509E5150D25AB00F3EC3F /* Controllers */,
				E37509E3150D25A600F3EC3F /* Views */,
				E3CAC2E31515EE2A003994A7 /* ANAtlas.h */,
				E3CAC2E41515EE2A003994A7 /* ANAtlas.m */,
				E3BDC45014FF6B7B001343BE /* ANAppDelegate.h */,
				E3BDC45114FF6B7B001343BE /* ANAppDelegate.m */,
				E3BDC44814FF6B7B001343BE /* Supporting Files */,
			);
			path = Anniversary;
			sourceTree = "<group>";
		};
		E3BDC44814FF6B7B001343BE /* Supporting Files */ = {
			isa = PBXGroup;
			children = (
				A3CB84AD1510A14100F19022 /* example.png */,
				E34F500E150EF36600A5FCD2 /* capture-button.png */,
				E34F500F150EF36600A5FCD2 /* capture-button@2x.png */,
				E341BA53150E83EE003F1A9F /* 32-speechbubble.png */,
				E341BA54150E83EE003F1A9F /* 32-speechbubble@2x.png */,
				E341BA4F150E832F003F1A9F /* 20-gear-2.png */,
				E341BA50150E832F003F1A9F /* 20-gear-2@2x.png */,
				E341BA4B150E82ED003F1A9F /* 42-photos.png */,
				E341BA4C150E82ED003F1A9F /* 42-photos@2x.png */,
				E3BDC47014FF7202001343BE /* 07-map-marker.png */,
				E3BDC47114FF7202001343BE /* 07-map-marker@2x.png */,
				E3BDC44914FF6B7B001343BE /* Anniversary-Info.plist */,
				E3BDC44A14FF6B7B001343BE /* InfoPlist.strings */,
				E3BDC44D14FF6B7B001343BE /* main.m */,
				E3BDC44F14FF6B7B001343BE /* Anniversary-Prefix.pch */,
			);
			name = "Supporting Files";
			sourceTree = "<group>";
		};
		E3CAC2E71515EE87003994A7 /* Dependencies */ = {
			isa = PBXGroup;
			children = (
				E3CAC31D1515F39A003994A7 /* AFNetworking */,
				E3CAC2E81515EE94003994A7 /* facebook-ios-sdk */,
			);
			name = Dependencies;
			sourceTree = "<group>";
		};
		E3CAC2E81515EE94003994A7 /* facebook-ios-sdk */ = {
			isa = PBXGroup;
			children = (
				E3CAC2EC1515EE94003994A7 /* Facebook.h */,
				E3CAC2ED1515EE94003994A7 /* Facebook.m */,
				E3CAC2EF1515EE94003994A7 /* FBConnect.h */,
				E3CAC2F01515EE94003994A7 /* FBDialog.bundle */,
				E3CAC2F11515EE94003994A7 /* FBDialog.h */,
				E3CAC2F21515EE94003994A7 /* FBDialog.m */,
				E3CAC2F31515EE94003994A7 /* FBFrictionlessRequestSettings.h */,
				E3CAC2F41515EE94003994A7 /* FBFrictionlessRequestSettings.m */,
				E3CAC2F51515EE94003994A7 /* FBLoginDialog.h */,
				E3CAC2F61515EE94003994A7 /* FBLoginDialog.m */,
				E3CAC2F71515EE94003994A7 /* FBRequest.h */,
				E3CAC2F81515EE94003994A7 /* FBRequest.m */,
				E3CAC2F91515EE94003994A7 /* JSON */,
			);
			name = "facebook-ios-sdk";
			path = "Dependencies/facebook-ios-sdk/src";
			sourceTree = "<group>";
		};
		E3CAC2F91515EE94003994A7 /* JSON */ = {
			isa = PBXGroup;
			children = (
				E3CAC2FA1515EE94003994A7 /* JSON.h */,
				E3CAC2FB1515EE94003994A7 /* NSObject+SBJSON.h */,
				E3CAC2FC1515EE94003994A7 /* NSObject+SBJSON.m */,
				E3CAC2FD1515EE94003994A7 /* NSString+SBJSON.h */,
				E3CAC2FE1515EE94003994A7 /* NSString+SBJSON.m */,
				E3CAC2FF1515EE94003994A7 /* SBJSON.h */,
				E3CAC3001515EE94003994A7 /* SBJSON.m */,
				E3CAC3011515EE94003994A7 /* SBJsonBase.h */,
				E3CAC3021515EE94003994A7 /* SBJsonBase.m */,
				E3CAC3031515EE94003994A7 /* SBJsonParser.h */,
				E3CAC3041515EE94003994A7 /* SBJsonParser.m */,
				E3CAC3051515EE94003994A7 /* SBJsonWriter.h */,
				E3CAC3061515EE94003994A7 /* SBJsonWriter.m */,
			);
			path = JSON;
			sourceTree = "<group>";
		};
		E3CAC31D1515F39A003994A7 /* AFNetworking */ = {
			isa = PBXGroup;
			children = (
				E3CAC31E1515F39A003994A7 /* AFHTTPClient.h */,
				E3CAC31F1515F39A003994A7 /* AFHTTPClient.m */,
				E3CAC3201515F39A003994A7 /* AFHTTPRequestOperation.h */,
				E3CAC3211515F39A003994A7 /* AFHTTPRequestOperation.m */,
				E3CAC3221515F39A003994A7 /* AFImageRequestOperation.h */,
				E3CAC3231515F39A003994A7 /* AFImageRequestOperation.m */,
				E3CAC3241515F39A003994A7 /* AFJSONRequestOperation.h */,
				E3CAC3251515F39A003994A7 /* AFJSONRequestOperation.m */,
				E3CAC3261515F39A003994A7 /* AFJSONUtilities.h */,
				E3CAC3271515F39A003994A7 /* AFJSONUtilities.m */,
				E3CAC3281515F39A003994A7 /* AFNetworkActivityIndicatorManager.h */,
				E3CAC3291515F39A003994A7 /* AFNetworkActivityIndicatorManager.m */,
				E3CAC32A1515F39A003994A7 /* AFNetworking.h */,
				E3CAC32B1515F39A003994A7 /* AFPropertyListRequestOperation.h */,
				E3CAC32C1515F39A003994A7 /* AFPropertyListRequestOperation.m */,
				E3CAC32D1515F39A003994A7 /* AFURLConnectionOperation.h */,
				E3CAC32E1515F39A003994A7 /* AFURLConnectionOperation.m */,
				E3CAC32F1515F39A003994A7 /* AFXMLRequestOperation.h */,
				E3CAC3301515F39A003994A7 /* AFXMLRequestOperation.m */,
				E3CAC3311515F39A003994A7 /* UIImageView+AFNetworking.h */,
				E3CAC3321515F39A003994A7 /* UIImageView+AFNetworking.m */,
			);
			name = AFNetworking;
			path = Dependencies/AFNetworking/AFNetworking;
			sourceTree = "<group>";
		};
/* End PBXGroup section */

/* Begin PBXNativeTarget section */
		E3BDC43C14FF6B7B001343BE /* Anniversary */ = {
			isa = PBXNativeTarget;
			buildConfigurationList = E3BDC46914FF6B7B001343BE /* Build configuration list for PBXNativeTarget "Anniversary" */;
			buildPhases = (
				E3BDC43914FF6B7B001343BE /* Sources */,
				E3BDC43A14FF6B7B001343BE /* Frameworks */,
				E3BDC43B14FF6B7B001343BE /* Resources */,
			);
			buildRules = (
			);
			dependencies = (
			);
			name = Anniversary;
			productName = Anniversary;
			productReference = E3BDC43D14FF6B7B001343BE /* Anniversary.app */;
			productType = "com.apple.product-type.application";
		};
/* End PBXNativeTarget section */

/* Begin PBXProject section */
		E3BDC43414FF6B7A001343BE /* Project object */ = {
			isa = PBXProject;
			attributes = {
				CLASSPREFIX = AN;
				LastUpgradeCheck = 0430;
				ORGANIZATIONNAME = "Polydice, Inc.";
			};
			buildConfigurationList = E3BDC43714FF6B7A001343BE /* Build configuration list for PBXProject "Anniversary" */;
			compatibilityVersion = "Xcode 3.2";
			developmentRegion = English;
			hasScannedForEncodings = 0;
			knownRegions = (
				en,
			);
			mainGroup = E3BDC43214FF6B7A001343BE;
			productRefGroup = E3BDC43E14FF6B7B001343BE /* Products */;
			projectDirPath = "";
			projectRoot = "";
			targets = (
				E3BDC43C14FF6B7B001343BE /* Anniversary */,
			);
		};
/* End PBXProject section */

/* Begin PBXResourcesBuildPhase section */
		E3BDC43B14FF6B7B001343BE /* Resources */ = {
			isa = PBXResourcesBuildPhase;
			buildActionMask = 2147483647;
			files = (
				E3BDC44C14FF6B7B001343BE /* InfoPlist.strings in Resources */,
				E3BDC47214FF7202001343BE /* 07-map-marker.png in Resources */,
				E3BDC47314FF7202001343BE /* 07-map-marker@2x.png in Resources */,
				E341BA4D150E82ED003F1A9F /* 42-photos.png in Resources */,
				E341BA4E150E82ED003F1A9F /* 42-photos@2x.png in Resources */,
				E341BA51150E832F003F1A9F /* 20-gear-2.png in Resources */,
				E341BA52150E832F003F1A9F /* 20-gear-2@2x.png in Resources */,
				E341BA55150E83EE003F1A9F /* 32-speechbubble.png in Resources */,
				E341BA56150E83EE003F1A9F /* 32-speechbubble@2x.png in Resources */,
				E34F5010150EF36600A5FCD2 /* capture-button.png in Resources */,
				E34F5011150EF36600A5FCD2 /* capture-button@2x.png in Resources */,
				87781C06151034E5005931F9 /* ANCaptureViewController.xib in Resources */,
				A3CB84AE1510A14100F19022 /* example.png in Resources */,
				E3CAC30B1515EE94003994A7 /* FBDialog.bundle in Resources */,
			);
			runOnlyForDeploymentPostprocessing = 0;
		};
/* End PBXResourcesBuildPhase section */

/* Begin PBXSourcesBuildPhase section */
		E3BDC43914FF6B7B001343BE /* Sources */ = {
			isa = PBXSourcesBuildPhase;
			buildActionMask = 2147483647;
			files = (
				E3BDC44E14FF6B7B001343BE /* main.m in Sources */,
				E3BDC45214FF6B7B001343BE /* ANAppDelegate.m in Sources */,
				E3BDC48614FF750E001343BE /* ANMapViewController.m in Sources */,
				E3BDC48914FF751A001343BE /* ANNewsViewController.m in Sources */,
				E37509E9150D25DA00F3EC3F /* ANTabBarController.m in Sources */,
				E37509ED150D27B500F3EC3F /* ANPhotosViewController.m in Sources */,
				E37509F0150D27C000F3EC3F /* ANPhotoViewController.m in Sources */,
				E37509F3150D289B00F3EC3F /* ANSettingsViewController.m in Sources */,
				E34F5018150EF92300A5FCD2 /* ANPersonPickerViewController.m in Sources */,
				87781C05151034E5005931F9 /* ANCaptureViewController.m in Sources */,
				E3CAC2E51515EE2A003994A7 /* ANAtlas.m in Sources */,
				E3CAC30A1515EE94003994A7 /* Facebook.m in Sources */,
				E3CAC30C1515EE94003994A7 /* FBDialog.m in Sources */,
				E3CAC30D1515EE94003994A7 /* FBFrictionlessRequestSettings.m in Sources */,
				E3CAC30E1515EE94003994A7 /* FBLoginDialog.m in Sources */,
				E3CAC30F1515EE94003994A7 /* FBRequest.m in Sources */,
				E3CAC3101515EE94003994A7 /* NSObject+SBJSON.m in Sources */,
				E3CAC3111515EE94003994A7 /* NSString+SBJSON.m in Sources */,
				E3CAC3121515EE94003994A7 /* SBJSON.m in Sources */,
				E3CAC3131515EE94003994A7 /* SBJsonBase.m in Sources */,
				E3CAC3141515EE94003994A7 /* SBJsonParser.m in Sources */,
				E3CAC3151515EE94003994A7 /* SBJsonWriter.m in Sources */,
				E3CAC3331515F39A003994A7 /* AFHTTPClient.m in Sources */,
				E3CAC3341515F39A003994A7 /* AFHTTPRequestOperation.m in Sources */,
				E3CAC3351515F39A003994A7 /* AFImageRequestOperation.m in Sources */,
				E3CAC3361515F39A003994A7 /* AFJSONRequestOperation.m in Sources */,
				E3CAC3371515F39A003994A7 /* AFJSONUtilities.m in Sources */,
				E3CAC3381515F39A003994A7 /* AFNetworkActivityIndicatorManager.m in Sources */,
				E3CAC3391515F39A003994A7 /* AFPropertyListRequestOperation.m in Sources */,
				E3CAC33A1515F39A003994A7 /* AFURLConnectionOperation.m in Sources */,
				E3CAC33B1515F39A003994A7 /* AFXMLRequestOperation.m in Sources */,
				E3CAC33C1515F39A003994A7 /* UIImageView+AFNetworking.m in Sources */,
				E3CAC3401515F3AC003994A7 /* ANHTTPClient.m in Sources */,
			);
			runOnlyForDeploymentPostprocessing = 0;
		};
/* End PBXSourcesBuildPhase section */

/* Begin PBXVariantGroup section */
		E3BDC44A14FF6B7B001343BE /* InfoPlist.strings */ = {
			isa = PBXVariantGroup;
			children = (
				E3BDC44B14FF6B7B001343BE /* en */,
			);
			name = InfoPlist.strings;
			sourceTree = "<group>";
		};
/* End PBXVariantGroup section */

/* Begin XCBuildConfiguration section */
		E3BDC46714FF6B7B001343BE /* Debug */ = {
			isa = XCBuildConfiguration;
			buildSettings = {
				ALWAYS_SEARCH_USER_PATHS = NO;
				ARCHS = "$(ARCHS_STANDARD_32_BIT)";
				CLANG_ENABLE_OBJC_ARC = YES;
				"CODE_SIGN_IDENTITY[sdk=iphoneos*]" = "iPhone Developer";
				COPY_PHASE_STRIP = NO;
				GCC_C_LANGUAGE_STANDARD = gnu99;
				GCC_DYNAMIC_NO_PIC = NO;
				GCC_OPTIMIZATION_LEVEL = 0;
				GCC_PREPROCESSOR_DEFINITIONS = (
					"DEBUG=1",
					"$(inherited)",
				);
				GCC_SYMBOLS_PRIVATE_EXTERN = NO;
				GCC_VERSION = com.apple.compilers.llvm.clang.1_0;
				GCC_WARN_ABOUT_RETURN_TYPE = YES;
				GCC_WARN_UNINITIALIZED_AUTOS = YES;
				GCC_WARN_UNUSED_VARIABLE = YES;
				IPHONEOS_DEPLOYMENT_TARGET = 5.0;
				SDKROOT = iphoneos;
			};
			name = Debug;
		};
		E3BDC46814FF6B7B001343BE /* Release */ = {
			isa = XCBuildConfiguration;
			buildSettings = {
				ALWAYS_SEARCH_USER_PATHS = NO;
				ARCHS = "$(ARCHS_STANDARD_32_BIT)";
				CLANG_ENABLE_OBJC_ARC = YES;
				"CODE_SIGN_IDENTITY[sdk=iphoneos*]" = "iPhone Developer";
				COPY_PHASE_STRIP = YES;
				GCC_C_LANGUAGE_STANDARD = gnu99;
				GCC_VERSION = com.apple.compilers.llvm.clang.1_0;
				GCC_WARN_ABOUT_RETURN_TYPE = YES;
				GCC_WARN_UNINITIALIZED_AUTOS = YES;
				GCC_WARN_UNUSED_VARIABLE = YES;
				IPHONEOS_DEPLOYMENT_TARGET = 5.0;
				OTHER_CFLAGS = "-DNS_BLOCK_ASSERTIONS=1";
				SDKROOT = iphoneos;
				VALIDATE_PRODUCT = YES;
			};
			name = Release;
		};
		E3BDC46A14FF6B7B001343BE /* Debug */ = {
			isa = XCBuildConfiguration;
			buildSettings = {
				GCC_PRECOMPILE_PREFIX_HEADER = YES;
				GCC_PREFIX_HEADER = "Anniversary/Anniversary-Prefix.pch";
				INFOPLIST_FILE = "Anniversary/Anniversary-Info.plist";
				IPHONEOS_DEPLOYMENT_TARGET = 5.0;
				PRODUCT_NAME = Anniversary;
				WRAPPER_EXTENSION = app;
			};
			name = Debug;
		};
		E3BDC46B14FF6B7B001343BE /* Release */ = {
			isa = XCBuildConfiguration;
			buildSettings = {
				GCC_PRECOMPILE_PREFIX_HEADER = YES;
				GCC_PREFIX_HEADER = "Anniversary/Anniversary-Prefix.pch";
				INFOPLIST_FILE = "Anniversary/Anniversary-Info.plist";
				IPHONEOS_DEPLOYMENT_TARGET = 5.0;
				PRODUCT_NAME = Anniversary;
				WRAPPER_EXTENSION = app;
			};
			name = Release;
		};
/* End XCBuildConfiguration section */

/* Begin XCConfigurationList section */
		E3BDC43714FF6B7A001343BE /* Build configuration list for PBXProject "Anniversary" */ = {
			isa = XCConfigurationList;
			buildConfigurations = (
				E3BDC46714FF6B7B001343BE /* Debug */,
				E3BDC46814FF6B7B001343BE /* Release */,
			);
			defaultConfigurationIsVisible = 0;
			defaultConfigurationName = Release;
		};
		E3BDC46914FF6B7B001343BE /* Build configuration list for PBXNativeTarget "Anniversary" */ = {
			isa = XCConfigurationList;
			buildConfigurations = (
				E3BDC46A14FF6B7B001343BE /* Debug */,
				E3BDC46B14FF6B7B001343BE /* Release */,
			);
			defaultConfigurationIsVisible = 0;
			defaultConfigurationName = Release;
		};
/* End XCConfigurationList section */
	};
	rootObject = E3BDC43414FF6B7A001343BE /* Project object */;
}
